
Microsoft Visual Studio Solution File, Format Version 12.00
# Visual Studio Version 16
VisualStudioVersion = 16.0.31424.327
MinimumVisualStudioVersion = 10.0.40219.1
Project("{8BC9CEB8-8B4A-11D0-8D11-00A0C91BC942}") = "Practice_git", "Practice_git.vcxproj", "{858CCBB2-AE0C-4EDD-AC32-89DFBE723F0C}"
EndProject
Global
	GlobalSection(SolutionConfigurationPlatforms) = preSolution
		Debug|x64 = Debug|x64
		Debug|x86 = Debug|x86
		Release|x64 = Release|x64
		Release|x86 = Release|x86
	EndGlobalSection
	GlobalSection(ProjectConfigurationPlatforms) = postSolution
		{858CCBB2-AE0C-4EDD-AC32-89DFBE723F0C}.Debug|x64.ActiveCfg = Debug|x64
		{858CCBB2-AE0C-4EDD-AC32-89DFBE723F0C}.Debug|x64.Build.0 = Debug|x64
		{858CCBB2-AE0C-4EDD-AC32-89DFBE723F0C}.Debug|x86.ActiveCfg = Debug|Win32
		{858CCBB2-AE0C-4EDD-AC32-89DFBE723F0C}.Debug|x86.Build.0 = Debug|Win32
		{858CCBB2-AE0C-4EDD-AC32-89DFBE723F0C}.Release|x64.ActiveCfg = Release|x64
		{858CCBB2-AE0C-4EDD-AC32-89DFBE723F0C}.Release|x64.Build.0 = Release|x64
		{858CCBB2-AE0C-4EDD-AC32-89DFBE723F0C}.Release|x86.ActiveCfg = Release|Win32
		{858CCBB2-AE0C-4EDD-AC32-89DFBE723F0C}.Release|x86.Build.0 = Release|Win32
	EndGlobalSection
	GlobalSection(SolutionProperties) = preSolution
		HideSolutionNode = FALSE
	EndGlobalSection
	GlobalSection(ExtensibilityGlobals) = postSolution
		SolutionGuid = {50AD5E5A-C06F-4299-B1D3-A9D47DFCD36B}
	EndGlobalSection
EndGlobal
